
Microsoft Visual Studio Solution File, Format Version 12.00
# Visual Studio Version 17
VisualStudioVersion = 17.5.001.0
MinimumVisualStudioVersion = 10.0.40219.1
Project("{9A19103F-16F7-4668-BE54-9A1E7A4F7556}") = "api_eventos", "api_eventos.csproj", "{C78218B2-5F6E-4BA3-8AA2-0A9070166256}"
EndProject
Global
	GlobalSection(SolutionConfigurationPlatforms) = preSolution
		Debug|Any CPU = Debug|Any CPU
		Release|Any CPU = Release|Any CPU
	EndGlobalSection
	GlobalSection(ProjectConfigurationPlatforms) = postSolution
		{C78218B2-5F6E-4BA3-8AA2-0A9070166256}.Debug|Any CPU.ActiveCfg = Debug|Any CPU
		{C78218B2-5F6E-4BA3-8AA2-0A9070166256}.Debug|Any CPU.Build.0 = Debug|Any CPU
		{C78218B2-5F6E-4BA3-8AA2-0A9070166256}.Release|Any CPU.ActiveCfg = Release|Any CPU
		{C78218B2-5F6E-4BA3-8AA2-0A9070166256}.Release|Any CPU.Build.0 = Release|Any CPU
	EndGlobalSection
	GlobalSection(SolutionProperties) = preSolution
		HideSolutionNode = FALSE
	EndGlobalSection
	GlobalSection(ExtensibilityGlobals) = postSolution
		SolutionGuid = {056D0FBE-3562-4D0F-8552-08D7D9531A1E}
	EndGlobalSection
EndGlobal
